{
  "name": "@rohansm14/envguard",
  "version": "1.2.3",
  "lockfileVersion": 3,
  "requires": true,
  "packages": {
    "": {
      "name": "@rohansm14/envguard",
      "version": "1.2.3",
      "license": "MIT",
      "dependencies": {
        "@rohansm14/envguard": "^1.2.3"
      },
      "bin": {
        "envguard": "bin/envguard.js"
      }
    },
    "node_modules/@rohansm14/envguard": {
      "version": "1.2.3",
      "resolved": "https://registry.npmjs.org/@rohansm14/envguard/-/envguard-1.2.3.tgz",
      "integrity": "sha512-TgXK7CXVFJeNh+qRGgc55SLBJedGRXpD04QfV3mwlYWD57I6flxyK4UKXGSdm5CCHPWjFRoy+4RVTM3b+lNFag==",
      "license": "MIT",
      "bin": {
        "envguard": "bin/envguard.js"
      }
    }
  }
}
